
Microsoft Visual Studio Solution File, Format Version 12.00
# Visual Studio Version 16
VisualStudioVersion = 16.0.32802.440
MinimumVisualStudioVersion = 10.0.40219.1
Project("{FAE04EC0-301F-11D3-BF4B-00C04F79EFBC}") = "Common", "Event.Talk\Common.csproj", "{5989E9E6-795E-4477-AC11-3F8DD584C5B8}"
EndProject
Project("{2150E333-8FDC-42A3-9474-1A3956D46DE8}") = "Configuration", "Configuration", "{8C5E4B6A-EA94-42F8-BF51-B279D46FBE7E}"
EndProject
Project("{2150E333-8FDC-42A3-9474-1A3956D46DE8}") = "Feauture", "Feauture", "{219107E3-6A1C-4696-8E94-676CE2EA9C3F}"
EndProject
Project("{2150E333-8FDC-42A3-9474-1A3956D46DE8}") = "Foundation", "Foundation", "{3A081262-7B63-4699-8DB2-B140489732FE}"
EndProject
Project("{2150E333-8FDC-42A3-9474-1A3956D46DE8}") = "Project", "Project", "{CA034F3C-FF31-4899-9F7A-5DACE1BD44C8}"
EndProject
Project("{2150E333-8FDC-42A3-9474-1A3956D46DE8}") = "Common", "Common", "{B00EB5C8-B13C-4600-8207-79463E7036B7}"
EndProject
Project("{2150E333-8FDC-42A3-9474-1A3956D46DE8}") = "Extension", "Extension", "{7BEEF019-113E-4C81-88B4-E284BE7DA376}"
EndProject
Project("{FAE04EC0-301F-11D3-BF4B-00C04F79EFBC}") = "Sitecore.Foundation.Extension", "Sitecore.Foundation.Extension\Sitecore.Foundation.Extension.csproj", "{87D368E3-C5D4-454D-9A94-D62F08727A7F}"
EndProject
Project("{2150E333-8FDC-42A3-9474-1A3956D46DE8}") = "MetaData", "MetaData", "{1CD92DE2-F2F3-4554-BE40-6D6FDCBB8B55}"
EndProject
Project("{2150E333-8FDC-42A3-9474-1A3956D46DE8}") = "HeaderandFooter", "HeaderandFooter", "{4E2FE1BE-4390-4A61-8235-1674B68AD57C}"
EndProject
Project("{2150E333-8FDC-42A3-9474-1A3956D46DE8}") = "BannersandimagegallryTitle", "BannersandimagegallryTitle", "{949C8598-64AB-40B2-8AEE-407492889034}"
EndProject
Project("{2150E333-8FDC-42A3-9474-1A3956D46DE8}") = "Speaker", "Speaker", "{22AF6072-F422-4F2E-8F5A-54D679EE78FB}"
EndProject
Project("{2150E333-8FDC-42A3-9474-1A3956D46DE8}") = "EventSchduleandticketpricing", "EventSchduleandticketpricing", "{BAFB688A-E4B8-4618-B095-17DD6E927E90}"
EndProject
Project("{2150E333-8FDC-42A3-9474-1A3956D46DE8}") = "Blog", "Blog", "{61368877-7D09-4596-92F6-2902776EE237}"
EndProject
Project("{2150E333-8FDC-42A3-9474-1A3956D46DE8}") = "FunFactsandServices", "FunFactsandServices", "{A4F0EBFF-A0DB-45D6-8A32-EAE6E2B345DF}"
EndProject
Project("{2150E333-8FDC-42A3-9474-1A3956D46DE8}") = "Subscriptionandemail", "Subscriptionandemail", "{630EF1D2-358C-40A3-9448-C63292DD95AC}"
EndProject
Project("{FAE04EC0-301F-11D3-BF4B-00C04F79EFBC}") = "Sitecore.Feauture.Speaker", "Sitecore.Feauture.Speaker\Sitecore.Feauture.Speaker.csproj", "{4CE0AA13-3BB7-422F-AECE-98F538FB7AC7}"
EndProject
Project("{FAE04EC0-301F-11D3-BF4B-00C04F79EFBC}") = "Sitecore.Feauture.EventSchuduleandticketpricing", "Sitecore.Feauture.EventSchuduleandticketpricing\Sitecore.Feauture.EventSchuduleandticketpricing.csproj", "{EAF12AFE-905A-4B2A-AFC0-66E68FD446E2}"
EndProject
Project("{FAE04EC0-301F-11D3-BF4B-00C04F79EFBC}") = "Sitecore.Feauture.FunFactsandServices", "Sitecore.Feauture.FunFactsandServices\Sitecore.Feauture.FunFactsandServices.csproj", "{46FC7EB5-CC2D-4588-98A5-C59C9A910B66}"
EndProject
Project("{FAE04EC0-301F-11D3-BF4B-00C04F79EFBC}") = "Sitecore.Feauture.BannerandImagegallery", "Sitecore.Feauture.BannerandImagegallery\Sitecore.Feauture.BannerandImagegallery.csproj", "{3AB2C0A7-0C56-4C10-8EF6-C4403C6B72ED}"
EndProject
Project("{2150E333-8FDC-42A3-9474-1A3956D46DE8}") = "Testimonial", "Testimonial", "{8CAADC35-4DC9-4A2E-88A6-00AB6DA40582}"
EndProject
Project("{2150E333-8FDC-42A3-9474-1A3956D46DE8}") = "EventTalk", "EventTalk", "{D579BE6E-4A0C-46C1-A0DE-59F0528A9028}"
EndProject
Project("{FAE04EC0-301F-11D3-BF4B-00C04F79EFBC}") = "EventTalk.Project", "EventTalk.Project\EventTalk.Project.csproj", "{C3291ADE-00AB-41E3-B4AB-DFC23502A595}"
EndProject
Project("{FAE04EC0-301F-11D3-BF4B-00C04F79EFBC}") = "Sitecore.Feauture.Metadata", "Sitecore.Feauture.Metadata\Sitecore.Feauture.Metadata.csproj", "{3954CDD4-621E-4EBA-A33E-291C75AAE249}"
EndProject
Project("{2150E333-8FDC-42A3-9474-1A3956D46DE8}") = "Common", "Common", "{B8DD2F06-2CDC-43C9-B9CF-3C3D81C6F36C}"
EndProject
Project("{FAE04EC0-301F-11D3-BF4B-00C04F79EFBC}") = "Sitecore.Foundation.Common", "Sitecore.Foundation.Common\Sitecore.Foundation.Common.csproj", "{EE6B3DE7-57EA-4A98-B500-51117CA53D49}"
EndProject
Project("{FAE04EC0-301F-11D3-BF4B-00C04F79EFBC}") = "Sitecore.Feauture.Testimonial", "Sitecore.Feauture.Testimonial\Sitecore.Feauture.Testimonial.csproj", "{3FFEFD0F-CABD-4263-A4D7-D43C0544BD8B}"
EndProject
Project("{FAE04EC0-301F-11D3-BF4B-00C04F79EFBC}") = "Sitecore.Feauture.RecentBlog", "Sitecore.Feauture.RecentBlog\Sitecore.Feauture.RecentBlog.csproj", "{238C4B44-B249-42A1-9D05-6E36E09EAF79}"
EndProject
Project("{FAE04EC0-301F-11D3-BF4B-00C04F79EFBC}") = "Sitecore.Feauture.Footer", "Sitecore.Feauture.Footer\Sitecore.Feauture.Footer.csproj", "{712EF3E2-71D7-43BE-852D-6C48BDC7B330}"
EndProject
Project("{2150E333-8FDC-42A3-9474-1A3956D46DE8}") = "Serialization", "Serialization", "{D7CDD490-4BB8-4F6F-ACEC-CDC4E1E38018}"
EndProject
Project("{FAE04EC0-301F-11D3-BF4B-00C04F79EFBC}") = "Sitecore.Foundation.Serialization", "Sitecore.Foundation.Serialization\Sitecore.Foundation.Serialization.csproj", "{26BFCF9C-9377-4229-8A44-F65E3F3349F0}"
EndProject
Project("{FAE04EC0-301F-11D3-BF4B-00C04F79EFBC}") = "Sitecore.Feauture.Email", "Sitecore.Feauture.Email\Sitecore.Feauture.Email.csproj", "{DE16D4AC-9571-48D6-A9C8-C6827E8665FF}"
EndProject
Project("{2150E333-8FDC-42A3-9474-1A3956D46DE8}") = "HTML", "HTML", "{1C354F70-F4D9-497C-AA0C-AF5BC1F9A715}"
EndProject
Project("{FAE04EC0-301F-11D3-BF4B-00C04F79EFBC}") = "Sitecore.Project.HTML", "Sitecore.Project.HTML\Sitecore.Project.HTML.csproj", "{2ADE1FD5-F89A-499E-B041-8DCA32E9BB84}"
EndProject
Project("{FAE04EC0-301F-11D3-BF4B-00C04F79EFBC}") = "Sitecore.Feauture.Header", "Sitecore.Feauture.Header\Sitecore.Feauture.Header.csproj", "{A4C1E447-BBD7-4D01-8E60-66951BF8D2A2}"
EndProject
Global
	GlobalSection(SolutionConfigurationPlatforms) = preSolution
		Debug|Any CPU = Debug|Any CPU
		Release|Any CPU = Release|Any CPU
	EndGlobalSection
	GlobalSection(ProjectConfigurationPlatforms) = postSolution
		{5989E9E6-795E-4477-AC11-3F8DD584C5B8}.Debug|Any CPU.ActiveCfg = Debug|Any CPU
		{5989E9E6-795E-4477-AC11-3F8DD584C5B8}.Debug|Any CPU.Build.0 = Debug|Any CPU
		{5989E9E6-795E-4477-AC11-3F8DD584C5B8}.Release|Any CPU.ActiveCfg = Release|Any CPU
		{5989E9E6-795E-4477-AC11-3F8DD584C5B8}.Release|Any CPU.Build.0 = Release|Any CPU
		{87D368E3-C5D4-454D-9A94-D62F08727A7F}.Debug|Any CPU.ActiveCfg = Debug|Any CPU
		{87D368E3-C5D4-454D-9A94-D62F08727A7F}.Debug|Any CPU.Build.0 = Debug|Any CPU
		{87D368E3-C5D4-454D-9A94-D62F08727A7F}.Release|Any CPU.ActiveCfg = Release|Any CPU
		{87D368E3-C5D4-454D-9A94-D62F08727A7F}.Release|Any CPU.Build.0 = Release|Any CPU
		{4CE0AA13-3BB7-422F-AECE-98F538FB7AC7}.Debug|Any CPU.ActiveCfg = Debug|Any CPU
		{4CE0AA13-3BB7-422F-AECE-98F538FB7AC7}.Debug|Any CPU.Build.0 = Debug|Any CPU
		{4CE0AA13-3BB7-422F-AECE-98F538FB7AC7}.Release|Any CPU.ActiveCfg = Release|Any CPU
		{4CE0AA13-3BB7-422F-AECE-98F538FB7AC7}.Release|Any CPU.Build.0 = Release|Any CPU
		{EAF12AFE-905A-4B2A-AFC0-66E68FD446E2}.Debug|Any CPU.ActiveCfg = Debug|Any CPU
		{EAF12AFE-905A-4B2A-AFC0-66E68FD446E2}.Debug|Any CPU.Build.0 = Debug|Any CPU
		{EAF12AFE-905A-4B2A-AFC0-66E68FD446E2}.Release|Any CPU.ActiveCfg = Release|Any CPU
		{EAF12AFE-905A-4B2A-AFC0-66E68FD446E2}.Release|Any CPU.Build.0 = Release|Any CPU
		{46FC7EB5-CC2D-4588-98A5-C59C9A910B66}.Debug|Any CPU.ActiveCfg = Debug|Any CPU
		{46FC7EB5-CC2D-4588-98A5-C59C9A910B66}.Debug|Any CPU.Build.0 = Debug|Any CPU
		{46FC7EB5-CC2D-4588-98A5-C59C9A910B66}.Release|Any CPU.ActiveCfg = Release|Any CPU
		{46FC7EB5-CC2D-4588-98A5-C59C9A910B66}.Release|Any CPU.Build.0 = Release|Any CPU
		{3AB2C0A7-0C56-4C10-8EF6-C4403C6B72ED}.Debug|Any CPU.ActiveCfg = Debug|Any CPU
		{3AB2C0A7-0C56-4C10-8EF6-C4403C6B72ED}.Debug|Any CPU.Build.0 = Debug|Any CPU
		{3AB2C0A7-0C56-4C10-8EF6-C4403C6B72ED}.Release|Any CPU.ActiveCfg = Release|Any CPU
		{3AB2C0A7-0C56-4C10-8EF6-C4403C6B72ED}.Release|Any CPU.Build.0 = Release|Any CPU
		{C3291ADE-00AB-41E3-B4AB-DFC23502A595}.Debug|Any CPU.ActiveCfg = Debug|Any CPU
		{C3291ADE-00AB-41E3-B4AB-DFC23502A595}.Debug|Any CPU.Build.0 = Debug|Any CPU
		{C3291ADE-00AB-41E3-B4AB-DFC23502A595}.Release|Any CPU.ActiveCfg = Release|Any CPU
		{C3291ADE-00AB-41E3-B4AB-DFC23502A595}.Release|Any CPU.Build.0 = Release|Any CPU
		{3954CDD4-621E-4EBA-A33E-291C75AAE249}.Debug|Any CPU.ActiveCfg = Debug|Any CPU
		{3954CDD4-621E-4EBA-A33E-291C75AAE249}.Debug|Any CPU.Build.0 = Debug|Any CPU
		{3954CDD4-621E-4EBA-A33E-291C75AAE249}.Release|Any CPU.ActiveCfg = Release|Any CPU
		{3954CDD4-621E-4EBA-A33E-291C75AAE249}.Release|Any CPU.Build.0 = Release|Any CPU
		{EE6B3DE7-57EA-4A98-B500-51117CA53D49}.Debug|Any CPU.ActiveCfg = Debug|Any CPU
		{EE6B3DE7-57EA-4A98-B500-51117CA53D49}.Debug|Any CPU.Build.0 = Debug|Any CPU
		{EE6B3DE7-57EA-4A98-B500-51117CA53D49}.Release|Any CPU.ActiveCfg = Release|Any CPU
		{EE6B3DE7-57EA-4A98-B500-51117CA53D49}.Release|Any CPU.Build.0 = Release|Any CPU
		{3FFEFD0F-CABD-4263-A4D7-D43C0544BD8B}.Debug|Any CPU.ActiveCfg = Debug|Any CPU
		{3FFEFD0F-CABD-4263-A4D7-D43C0544BD8B}.Debug|Any CPU.Build.0 = Debug|Any CPU
		{3FFEFD0F-CABD-4263-A4D7-D43C0544BD8B}.Release|Any CPU.ActiveCfg = Release|Any CPU
		{3FFEFD0F-CABD-4263-A4D7-D43C0544BD8B}.Release|Any CPU.Build.0 = Release|Any CPU
		{238C4B44-B249-42A1-9D05-6E36E09EAF79}.Debug|Any CPU.ActiveCfg = Debug|Any CPU
		{238C4B44-B249-42A1-9D05-6E36E09EAF79}.Debug|Any CPU.Build.0 = Debug|Any CPU
		{238C4B44-B249-42A1-9D05-6E36E09EAF79}.Release|Any CPU.ActiveCfg = Release|Any CPU
		{238C4B44-B249-42A1-9D05-6E36E09EAF79}.Release|Any CPU.Build.0 = Release|Any CPU
		{712EF3E2-71D7-43BE-852D-6C48BDC7B330}.Debug|Any CPU.ActiveCfg = Debug|Any CPU
		{712EF3E2-71D7-43BE-852D-6C48BDC7B330}.Debug|Any CPU.Build.0 = Debug|Any CPU
		{712EF3E2-71D7-43BE-852D-6C48BDC7B330}.Release|Any CPU.ActiveCfg = Release|Any CPU
		{712EF3E2-71D7-43BE-852D-6C48BDC7B330}.Release|Any CPU.Build.0 = Release|Any CPU
		{26BFCF9C-9377-4229-8A44-F65E3F3349F0}.Debug|Any CPU.ActiveCfg = Debug|Any CPU
		{26BFCF9C-9377-4229-8A44-F65E3F3349F0}.Debug|Any CPU.Build.0 = Debug|Any CPU
		{26BFCF9C-9377-4229-8A44-F65E3F3349F0}.Release|Any CPU.ActiveCfg = Release|Any CPU
		{26BFCF9C-9377-4229-8A44-F65E3F3349F0}.Release|Any CPU.Build.0 = Release|Any CPU
		{DE16D4AC-9571-48D6-A9C8-C6827E8665FF}.Debug|Any CPU.ActiveCfg = Debug|Any CPU
		{DE16D4AC-9571-48D6-A9C8-C6827E8665FF}.Debug|Any CPU.Build.0 = Debug|Any CPU
		{DE16D4AC-9571-48D6-A9C8-C6827E8665FF}.Release|Any CPU.ActiveCfg = Release|Any CPU
		{DE16D4AC-9571-48D6-A9C8-C6827E8665FF}.Release|Any CPU.Build.0 = Release|Any CPU
		{2ADE1FD5-F89A-499E-B041-8DCA32E9BB84}.Debug|Any CPU.ActiveCfg = Debug|Any CPU
		{2ADE1FD5-F89A-499E-B041-8DCA32E9BB84}.Debug|Any CPU.Build.0 = Debug|Any CPU
		{2ADE1FD5-F89A-499E-B041-8DCA32E9BB84}.Release|Any CPU.ActiveCfg = Release|Any CPU
		{2ADE1FD5-F89A-499E-B041-8DCA32E9BB84}.Release|Any CPU.Build.0 = Release|Any CPU
		{A4C1E447-BBD7-4D01-8E60-66951BF8D2A2}.Debug|Any CPU.ActiveCfg = Debug|Any CPU
		{A4C1E447-BBD7-4D01-8E60-66951BF8D2A2}.Debug|Any CPU.Build.0 = Debug|Any CPU
		{A4C1E447-BBD7-4D01-8E60-66951BF8D2A2}.Release|Any CPU.ActiveCfg = Release|Any CPU
		{A4C1E447-BBD7-4D01-8E60-66951BF8D2A2}.Release|Any CPU.Build.0 = Release|Any CPU
	EndGlobalSection
	GlobalSection(SolutionProperties) = preSolution
		HideSolutionNode = FALSE
	EndGlobalSection
	GlobalSection(NestedProjects) = preSolution
		{5989E9E6-795E-4477-AC11-3F8DD584C5B8} = {B00EB5C8-B13C-4600-8207-79463E7036B7}
		{B00EB5C8-B13C-4600-8207-79463E7036B7} = {CA034F3C-FF31-4899-9F7A-5DACE1BD44C8}
		{7BEEF019-113E-4C81-88B4-E284BE7DA376} = {3A081262-7B63-4699-8DB2-B140489732FE}
		{87D368E3-C5D4-454D-9A94-D62F08727A7F} = {7BEEF019-113E-4C81-88B4-E284BE7DA376}
		{1CD92DE2-F2F3-4554-BE40-6D6FDCBB8B55} = {219107E3-6A1C-4696-8E94-676CE2EA9C3F}
		{4E2FE1BE-4390-4A61-8235-1674B68AD57C} = {219107E3-6A1C-4696-8E94-676CE2EA9C3F}
		{949C8598-64AB-40B2-8AEE-407492889034} = {219107E3-6A1C-4696-8E94-676CE2EA9C3F}
		{22AF6072-F422-4F2E-8F5A-54D679EE78FB} = {219107E3-6A1C-4696-8E94-676CE2EA9C3F}
		{BAFB688A-E4B8-4618-B095-17DD6E927E90} = {219107E3-6A1C-4696-8E94-676CE2EA9C3F}
		{61368877-7D09-4596-92F6-2902776EE237} = {219107E3-6A1C-4696-8E94-676CE2EA9C3F}
		{A4F0EBFF-A0DB-45D6-8A32-EAE6E2B345DF} = {219107E3-6A1C-4696-8E94-676CE2EA9C3F}
		{630EF1D2-358C-40A3-9448-C63292DD95AC} = {219107E3-6A1C-4696-8E94-676CE2EA9C3F}
		{4CE0AA13-3BB7-422F-AECE-98F538FB7AC7} = {22AF6072-F422-4F2E-8F5A-54D679EE78FB}
		{EAF12AFE-905A-4B2A-AFC0-66E68FD446E2} = {BAFB688A-E4B8-4618-B095-17DD6E927E90}
		{46FC7EB5-CC2D-4588-98A5-C59C9A910B66} = {A4F0EBFF-A0DB-45D6-8A32-EAE6E2B345DF}
		{3AB2C0A7-0C56-4C10-8EF6-C4403C6B72ED} = {949C8598-64AB-40B2-8AEE-407492889034}
		{8CAADC35-4DC9-4A2E-88A6-00AB6DA40582} = {219107E3-6A1C-4696-8E94-676CE2EA9C3F}
		{D579BE6E-4A0C-46C1-A0DE-59F0528A9028} = {CA034F3C-FF31-4899-9F7A-5DACE1BD44C8}
		{C3291ADE-00AB-41E3-B4AB-DFC23502A595} = {D579BE6E-4A0C-46C1-A0DE-59F0528A9028}
		{3954CDD4-621E-4EBA-A33E-291C75AAE249} = {1CD92DE2-F2F3-4554-BE40-6D6FDCBB8B55}
		{B8DD2F06-2CDC-43C9-B9CF-3C3D81C6F36C} = {3A081262-7B63-4699-8DB2-B140489732FE}
		{EE6B3DE7-57EA-4A98-B500-51117CA53D49} = {B8DD2F06-2CDC-43C9-B9CF-3C3D81C6F36C}
		{3FFEFD0F-CABD-4263-A4D7-D43C0544BD8B} = {8CAADC35-4DC9-4A2E-88A6-00AB6DA40582}
		{238C4B44-B249-42A1-9D05-6E36E09EAF79} = {61368877-7D09-4596-92F6-2902776EE237}
		{712EF3E2-71D7-43BE-852D-6C48BDC7B330} = {4E2FE1BE-4390-4A61-8235-1674B68AD57C}
		{D7CDD490-4BB8-4F6F-ACEC-CDC4E1E38018} = {3A081262-7B63-4699-8DB2-B140489732FE}
		{26BFCF9C-9377-4229-8A44-F65E3F3349F0} = {D7CDD490-4BB8-4F6F-ACEC-CDC4E1E38018}
		{DE16D4AC-9571-48D6-A9C8-C6827E8665FF} = {630EF1D2-358C-40A3-9448-C63292DD95AC}
		{1C354F70-F4D9-497C-AA0C-AF5BC1F9A715} = {CA034F3C-FF31-4899-9F7A-5DACE1BD44C8}
		{2ADE1FD5-F89A-499E-B041-8DCA32E9BB84} = {1C354F70-F4D9-497C-AA0C-AF5BC1F9A715}
		{A4C1E447-BBD7-4D01-8E60-66951BF8D2A2} = {4E2FE1BE-4390-4A61-8235-1674B68AD57C}
	EndGlobalSection
	GlobalSection(ExtensibilityGlobals) = postSolution
		SolutionGuid = {C93C07C9-452B-4A11-8285-0849E4E0BF0B}
	EndGlobalSection
EndGlobal
